// !$*UTF8*$!
{
	archiveVersion = 1;
	classes = {
	};
	objectVersion = 46;
	objects = {

/* Begin PBXBuildFile section */
		20225A6A19A1ABAB00E5A9CE /* addEventButton.png in Resources */ = {isa = PBXBuildFile; fileRef = 20225A6519A1ABAB00E5A9CE /* addEventButton.png */; };
		20225A6B19A1ABAB00E5A9CE /* currentEventFinishButton.png in Resources */ = {isa = PBXBuildFile; fileRef = 20225A6619A1ABAB00E5A9CE /* currentEventFinishButton.png */; };
		20225A6C19A1ABAB00E5A9CE /* myRecordButton.png in Resources */ = {isa = PBXBuildFile; fileRef = 20225A6719A1ABAB00E5A9CE /* myRecordButton.png */; };
		20225A6D19A1ABAB00E5A9CE /* newEventCancelButton.png in Resources */ = {isa = PBXBuildFile; fileRef = 20225A6819A1ABAB00E5A9CE /* newEventCancelButton.png */; };
		20225A6E19A1ABAB00E5A9CE /* newEventDoneButton.png in Resources */ = {isa = PBXBuildFile; fileRef = 20225A6919A1ABAB00E5A9CE /* newEventDoneButton.png */; };
		20225A7319A1ABC400E5A9CE /* eventTypeNone.png in Resources */ = {isa = PBXBuildFile; fileRef = 20225A7019A1ABC400E5A9CE /* eventTypeNone.png */; };
		20225A7419A1ABC400E5A9CE /* eventTypeNonePressed.png in Resources */ = {isa = PBXBuildFile; fileRef = 20225A7119A1ABC400E5A9CE /* eventTypeNonePressed.png */; };
		20225A7519A1ABC400E5A9CE /* eventTypeNoneSelected.png in Resources */ = {isa = PBXBuildFile; fileRef = 20225A7219A1ABC400E5A9CE /* eventTypeNoneSelected.png */; };
		20557D2B199B93D8002633CC /* TESTMainViewController.m in Sources */ = {isa = PBXBuildFile; fileRef = 20557D2A199B93D8002633CC /* TESTMainViewController.m */; };
		20557D2E199B93F1002633CC /* TESTAllEventsTableViewController.m in Sources */ = {isa = PBXBuildFile; fileRef = 20557D2D199B93F1002633CC /* TESTAllEventsTableViewController.m */; };
		20557D31199B940B002633CC /* TESTNewEventViewController.m in Sources */ = {isa = PBXBuildFile; fileRef = 20557D30199B940B002633CC /* TESTNewEventViewController.m */; };
		20557D33199B9432002633CC /* DataTesting.storyboard in Resources */ = {isa = PBXBuildFile; fileRef = 20557D32199B9432002633CC /* DataTesting.storyboard */; };
		206FA680199A59E1003E25B3 /* SimpleTime.xcdatamodeld in Sources */ = {isa = PBXBuildFile; fileRef = 206FA67E199A59E1003E25B3 /* SimpleTime.xcdatamodeld */; };
		206FA686199A8096003E25B3 /* SPTEventStore.m in Sources */ = {isa = PBXBuildFile; fileRef = 206FA685199A8096003E25B3 /* SPTEventStore.m */; };
		2082584A199DE9B4005044A0 /* MZTimerLabel.m in Sources */ = {isa = PBXBuildFile; fileRef = 20825849199DE9B4005044A0 /* MZTimerLabel.m */; };
		2093679019A0909700CCFBAC /* SPTEventTypeSelectItem.m in Sources */ = {isa = PBXBuildFile; fileRef = 2093678F19A0909700CCFBAC /* SPTEventTypeSelectItem.m */; };
		209367A019A0ACC700CCFBAC /* SPTEventTypeSelectView.m in Sources */ = {isa = PBXBuildFile; fileRef = 2093679F19A0ACC700CCFBAC /* SPTEventTypeSelectView.m */; };
		209367A219A0C35E00CCFBAC /* SimpleTime.storyboard in Resources */ = {isa = PBXBuildFile; fileRef = 209367A119A0C35E00CCFBAC /* SimpleTime.storyboard */; };
		209367A619A0C3CB00CCFBAC /* SPTMainViewController.m in Sources */ = {isa = PBXBuildFile; fileRef = 209367A519A0C3CB00CCFBAC /* SPTMainViewController.m */; };
		20A23A4A199924F700E4C577 /* Foundation.framework in Frameworks */ = {isa = PBXBuildFile; fileRef = 20A23A49199924F700E4C577 /* Foundation.framework */; };
		20A23A4C199924F700E4C577 /* CoreGraphics.framework in Frameworks */ = {isa = PBXBuildFile; fileRef = 20A23A4B199924F700E4C577 /* CoreGraphics.framework */; };
		20A23A4E199924F700E4C577 /* UIKit.framework in Frameworks */ = {isa = PBXBuildFile; fileRef = 20A23A4D199924F700E4C577 /* UIKit.framework */; };
		20A23A54199924F700E4C577 /* InfoPlist.strings in Resources */ = {isa = PBXBuildFile; fileRef = 20A23A52199924F700E4C577 /* InfoPlist.strings */; };
		20A23A56199924F700E4C577 /* main.m in Sources */ = {isa = PBXBuildFile; fileRef = 20A23A55199924F700E4C577 /* main.m */; };
		20A23A5A199924F700E4C577 /* SPTAppDelegate.m in Sources */ = {isa = PBXBuildFile; fileRef = 20A23A59199924F700E4C577 /* SPTAppDelegate.m */; };
		20A23A5C199924F700E4C577 /* Images.xcassets in Resources */ = {isa = PBXBuildFile; fileRef = 20A23A5B199924F700E4C577 /* Images.xcassets */; };
		20A23A63199924F700E4C577 /* XCTest.framework in Frameworks */ = {isa = PBXBuildFile; fileRef = 20A23A62199924F700E4C577 /* XCTest.framework */; };
		20A23A64199924F700E4C577 /* Foundation.framework in Frameworks */ = {isa = PBXBuildFile; fileRef = 20A23A49199924F700E4C577 /* Foundation.framework */; };
		20A23A65199924F700E4C577 /* UIKit.framework in Frameworks */ = {isa = PBXBuildFile; fileRef = 20A23A4D199924F700E4C577 /* UIKit.framework */; };
		20A23A6D199924F700E4C577 /* InfoPlist.strings in Resources */ = {isa = PBXBuildFile; fileRef = 20A23A6B199924F700E4C577 /* InfoPlist.strings */; };
		20A23A6F199924F700E4C577 /* SimpleTimeTests.m in Sources */ = {isa = PBXBuildFile; fileRef = 20A23A6E199924F700E4C577 /* SimpleTimeTests.m */; };
		20C8045F199BDA4F005DCCCB /* TESTQueryDateViewController.m in Sources */ = {isa = PBXBuildFile; fileRef = 20C8045E199BDA4F005DCCCB /* TESTQueryDateViewController.m */; };
		20C80462199BDA6D005DCCCB /* TESTEventsInDayTableViewController.m in Sources */ = {isa = PBXBuildFile; fileRef = 20C80461199BDA6D005DCCCB /* TESTEventsInDayTableViewController.m */; };
		20C8046B199BE9A9005DCCCB /* SPTEvent.m in Sources */ = {isa = PBXBuildFile; fileRef = 20C8046A199BE9A9005DCCCB /* SPTEvent.m */; };
		20D3CBFE19A240290050FF7E /* SPTColor.m in Sources */ = {isa = PBXBuildFile; fileRef = 20D3CBFD19A240290050FF7E /* SPTColor.m */; };
/* End PBXBuildFile section */

/* Begin PBXContainerItemProxy section */
		20A23A66199924F700E4C577 /* PBXContainerItemProxy */ = {
			isa = PBXContainerItemProxy;
			containerPortal = 20A23A3E199924F700E4C577 /* Project object */;
			proxyType = 1;
			remoteGlobalIDString = 20A23A45199924F700E4C577;
			remoteInfo = SimpleTime;
		};
/* End PBXContainerItemProxy section */

/* Begin PBXFileReference section */
		20225A6519A1ABAB00E5A9CE /* addEventButton.png */ = {isa = PBXFileReference; lastKnownFileType = image.png; name = addEventButton.png; path = images/addEventButton.png; sourceTree = "<group>"; };
		20225A6619A1ABAB00E5A9CE /* currentEventFinishButton.png */ = {isa = PBXFileReference; lastKnownFileType = image.png; name = currentEventFinishButton.png; path = images/currentEventFinishButton.png; sourceTree = "<group>"; };
		20225A6719A1ABAB00E5A9CE /* myRecordButton.png */ = {isa = PBXFileReference; lastKnownFileType = image.png; name = myRecordButton.png; path = images/myRecordButton.png; sourceTree = "<group>"; };
		20225A6819A1ABAB00E5A9CE /* newEventCancelButton.png */ = {isa = PBXFileReference; lastKnownFileType = image.png; name = newEventCancelButton.png; path = images/newEventCancelButton.png; sourceTree = "<group>"; };
		20225A6919A1ABAB00E5A9CE /* newEventDoneButton.png */ = {isa = PBXFileReference; lastKnownFileType = image.png; name = newEventDoneButton.png; path = images/newEventDoneButton.png; sourceTree = "<group>"; };
		20225A7019A1ABC400E5A9CE /* eventTypeNone.png */ = {isa = PBXFileReference; lastKnownFileType = image.png; name = eventTypeNone.png; path = eventTypeImages/eventTypeNone.png; sourceTree = "<group>"; };
		20225A7119A1ABC400E5A9CE /* eventTypeNonePressed.png */ = {isa = PBXFileReference; lastKnownFileType = image.png; name = eventTypeNonePressed.png; path = eventTypeImages/eventTypeNonePressed.png; sourceTree = "<group>"; };
		20225A7219A1ABC400E5A9CE /* eventTypeNoneSelected.png */ = {isa = PBXFileReference; lastKnownFileType = image.png; name = eventTypeNoneSelected.png; path = eventTypeImages/eventTypeNoneSelected.png; sourceTree = "<group>"; };
		20557D29199B93D8002633CC /* TESTMainViewController.h */ = {isa = PBXFileReference; fileEncoding = 4; lastKnownFileType = sourcecode.c.h; name = TESTMainViewController.h; path = DataTesting/TESTMainViewController.h; sourceTree = "<group>"; };
		20557D2A199B93D8002633CC /* TESTMainViewController.m */ = {isa = PBXFileReference; fileEncoding = 4; lastKnownFileType = sourcecode.c.objc; name = TESTMainViewController.m; path = DataTesting/TESTMainViewController.m; sourceTree = "<group>"; };
		20557D2C199B93F0002633CC /* TESTAllEventsTableViewController.h */ = {isa = PBXFileReference; fileEncoding = 4; lastKnownFileType = sourcecode.c.h; name = TESTAllEventsTableViewController.h; path = DataTesting/TESTAllEventsTableViewController.h; sourceTree = "<group>"; };
		20557D2D199B93F1002633CC /* TESTAllEventsTableViewController.m */ = {isa = PBXFileReference; fileEncoding = 4; lastKnownFileType = sourcecode.c.objc; name = TESTAllEventsTableViewController.m; path = DataTesting/TESTAllEventsTableViewController.m; sourceTree = "<group>"; };
		20557D2F199B940B002633CC /* TESTNewEventViewController.h */ = {isa = PBXFileReference; fileEncoding = 4; lastKnownFileType = sourcecode.c.h; name = TESTNewEventViewController.h; path = DataTesting/TESTNewEventViewController.h; sourceTree = "<group>"; };
		20557D30199B940B002633CC /* TESTNewEventViewController.m */ = {isa = PBXFileReference; fileEncoding = 4; lastKnownFileType = sourcecode.c.objc; name = TESTNewEventViewController.m; path = DataTesting/TESTNewEventViewController.m; sourceTree = "<group>"; };
		20557D32199B9432002633CC /* DataTesting.storyboard */ = {isa = PBXFileReference; fileEncoding = 4; lastKnownFileType = file.storyboard; name = DataTesting.storyboard; path = DataTesting/DataTesting.storyboard; sourceTree = "<group>"; };
		206FA67F199A59E1003E25B3 /* SimpleTime.xcdatamodel */ = {isa = PBXFileReference; lastKnownFileType = wrapper.xcdatamodel; path = SimpleTime.xcdatamodel; sourceTree = "<group>"; };
		206FA684199A8096003E25B3 /* SPTEventStore.h */ = {isa = PBXFileReference; fileEncoding = 4; lastKnownFileType = sourcecode.c.h; name = SPTEventStore.h; path = SimpleTime/SPTEventStore.h; sourceTree = "<group>"; };
		206FA685199A8096003E25B3 /* SPTEventStore.m */ = {isa = PBXFileReference; fileEncoding = 4; lastKnownFileType = sourcecode.c.objc; name = SPTEventStore.m; path = SimpleTime/SPTEventStore.m; sourceTree = "<group>"; };
		20825848199DE9B4005044A0 /* MZTimerLabel.h */ = {isa = PBXFileReference; fileEncoding = 4; lastKnownFileType = sourcecode.c.h; path = MZTimerLabel.h; sourceTree = "<group>"; };
		20825849199DE9B4005044A0 /* MZTimerLabel.m */ = {isa = PBXFileReference; fileEncoding = 4; lastKnownFileType = sourcecode.c.objc; path = MZTimerLabel.m; sourceTree = "<group>"; };
		2093678E19A0909700CCFBAC /* SPTEventTypeSelectItem.h */ = {isa = PBXFileReference; fileEncoding = 4; lastKnownFileType = sourcecode.c.h; name = SPTEventTypeSelectItem.h; path = SimpleTime/SPTEventTypeSelectItem.h; sourceTree = "<group>"; };
		2093678F19A0909700CCFBAC /* SPTEventTypeSelectItem.m */ = {isa = PBXFileReference; fileEncoding = 4; lastKnownFileType = sourcecode.c.objc; name = SPTEventTypeSelectItem.m; path = SimpleTime/SPTEventTypeSelectItem.m; sourceTree = "<group>"; };
		2093679E19A0ACC700CCFBAC /* SPTEventTypeSelectView.h */ = {isa = PBXFileReference; fileEncoding = 4; lastKnownFileType = sourcecode.c.h; name = SPTEventTypeSelectView.h; path = SimpleTime/SPTEventTypeSelectView.h; sourceTree = "<group>"; };
		2093679F19A0ACC700CCFBAC /* SPTEventTypeSelectView.m */ = {isa = PBXFileReference; fileEncoding = 4; lastKnownFileType = sourcecode.c.objc; name = SPTEventTypeSelectView.m; path = SimpleTime/SPTEventTypeSelectView.m; sourceTree = "<group>"; };
		209367A119A0C35E00CCFBAC /* SimpleTime.storyboard */ = {isa = PBXFileReference; fileEncoding = 4; lastKnownFileType = file.storyboard; name = SimpleTime.storyboard; path = SimpleTime/SimpleTime.storyboard; sourceTree = "<group>"; };
		209367A419A0C3CB00CCFBAC /* SPTMainViewController.h */ = {isa = PBXFileReference; fileEncoding = 4; lastKnownFileType = sourcecode.c.h; name = SPTMainViewController.h; path = SimpleTime/SPTMainViewController.h; sourceTree = "<group>"; };
		209367A519A0C3CB00CCFBAC /* SPTMainViewController.m */ = {isa = PBXFileReference; fileEncoding = 4; lastKnownFileType = sourcecode.c.objc; name = SPTMainViewController.m; path = SimpleTime/SPTMainViewController.m; sourceTree = "<group>"; };
		20A23A46199924F700E4C577 /* SimpleTime.app */ = {isa = PBXFileReference; explicitFileType = wrapper.application; includeInIndex = 0; path = SimpleTime.app; sourceTree = BUILT_PRODUCTS_DIR; };
		20A23A49199924F700E4C577 /* Foundation.framework */ = {isa = PBXFileReference; lastKnownFileType = wrapper.framework; name = Foundation.framework; path = System/Library/Frameworks/Foundation.framework; sourceTree = SDKROOT; };
		20A23A4B199924F700E4C577 /* CoreGraphics.framework */ = {isa = PBXFileReference; lastKnownFileType = wrapper.framework; name = CoreGraphics.framework; path = System/Library/Frameworks/CoreGraphics.framework; sourceTree = SDKROOT; };
		20A23A4D199924F700E4C577 /* UIKit.framework */ = {isa = PBXFileReference; lastKnownFileType = wrapper.framework; name = UIKit.framework; path = System/Library/Frameworks/UIKit.framework; sourceTree = SDKROOT; };
		20A23A51199924F700E4C577 /* SimpleTime-Info.plist */ = {isa = PBXFileReference; lastKnownFileType = text.plist.xml; path = "SimpleTime-Info.plist"; sourceTree = "<group>"; };
		20A23A53199924F700E4C577 /* en */ = {isa = PBXFileReference; lastKnownFileType = text.plist.strings; name = en; path = en.lproj/InfoPlist.strings; sourceTree = "<group>"; };
		20A23A55199924F700E4C577 /* main.m */ = {isa = PBXFileReference; lastKnownFileType = sourcecode.c.objc; path = main.m; sourceTree = "<group>"; };
		20A23A57199924F700E4C577 /* SimpleTime-Prefix.pch */ = {isa = PBXFileReference; lastKnownFileType = sourcecode.c.h; path = "SimpleTime-Prefix.pch"; sourceTree = "<group>"; };
		20A23A58199924F700E4C577 /* SPTAppDelegate.h */ = {isa = PBXFileReference; lastKnownFileType = sourcecode.c.h; path = SPTAppDelegate.h; sourceTree = "<group>"; };
		20A23A59199924F700E4C577 /* SPTAppDelegate.m */ = {isa = PBXFileReference; lastKnownFileType = sourcecode.c.objc; path = SPTAppDelegate.m; sourceTree = "<group>"; };
		20A23A5B199924F700E4C577 /* Images.xcassets */ = {isa = PBXFileReference; lastKnownFileType = folder.assetcatalog; path = Images.xcassets; sourceTree = "<group>"; };
		20A23A61199924F700E4C577 /* SimpleTimeTests.xctest */ = {isa = PBXFileReference; explicitFileType = wrapper.cfbundle; includeInIndex = 0; path = SimpleTimeTests.xctest; sourceTree = BUILT_PRODUCTS_DIR; };
		20A23A62199924F700E4C577 /* XCTest.framework */ = {isa = PBXFileReference; lastKnownFileType = wrapper.framework; name = XCTest.framework; path = Library/Frameworks/XCTest.framework; sourceTree = DEVELOPER_DIR; };
		20A23A6A199924F700E4C577 /* SimpleTimeTests-Info.plist */ = {isa = PBXFileReference; lastKnownFileType = text.plist.xml; path = "SimpleTimeTests-Info.plist"; sourceTree = "<group>"; };
		20A23A6C199924F700E4C577 /* en */ = {isa = PBXFileReference; lastKnownFileType = text.plist.strings; name = en; path = en.lproj/InfoPlist.strings; sourceTree = "<group>"; };
		20A23A6E199924F700E4C577 /* SimpleTimeTests.m */ = {isa = PBXFileReference; lastKnownFileType = sourcecode.c.objc; path = SimpleTimeTests.m; sourceTree = "<group>"; };
		20C8045D199BDA4F005DCCCB /* TESTQueryDateViewController.h */ = {isa = PBXFileReference; fileEncoding = 4; lastKnownFileType = sourcecode.c.h; name = TESTQueryDateViewController.h; path = DataTesting/TESTQueryDateViewController.h; sourceTree = "<group>"; };
		20C8045E199BDA4F005DCCCB /* TESTQueryDateViewController.m */ = {isa = PBXFileReference; fileEncoding = 4; lastKnownFileType = sourcecode.c.objc; name = TESTQueryDateViewController.m; path = DataTesting/TESTQueryDateViewController.m; sourceTree = "<group>"; };
		20C80460199BDA6D005DCCCB /* TESTEventsInDayTableViewController.h */ = {isa = PBXFileReference; fileEncoding = 4; lastKnownFileType = sourcecode.c.h; name = TESTEventsInDayTableViewController.h; path = DataTesting/TESTEventsInDayTableViewController.h; sourceTree = "<group>"; };
		20C80461199BDA6D005DCCCB /* TESTEventsInDayTableViewController.m */ = {isa = PBXFileReference; fileEncoding = 4; lastKnownFileType = sourcecode.c.objc; name = TESTEventsInDayTableViewController.m; path = DataTesting/TESTEventsInDayTableViewController.m; sourceTree = "<group>"; };
		20C80469199BE9A9005DCCCB /* SPTEvent.h */ = {isa = PBXFileReference; fileEncoding = 4; lastKnownFileType = sourcecode.c.h; name = SPTEvent.h; path = SimpleTime/SPTEvent.h; sourceTree = "<group>"; };
		20C8046A199BE9A9005DCCCB /* SPTEvent.m */ = {isa = PBXFileReference; fileEncoding = 4; lastKnownFileType = sourcecode.c.objc; name = SPTEvent.m; path = SimpleTime/SPTEvent.m; sourceTree = "<group>"; };
		20D3CBFC19A240290050FF7E /* SPTColor.h */ = {isa = PBXFileReference; fileEncoding = 4; lastKnownFileType = sourcecode.c.h; name = SPTColor.h; path = SimpleTime/SPTColor.h; sourceTree = "<group>"; };
		20D3CBFD19A240290050FF7E /* SPTColor.m */ = {isa = PBXFileReference; fileEncoding = 4; lastKnownFileType = sourcecode.c.objc; name = SPTColor.m; path = SimpleTime/SPTColor.m; sourceTree = "<group>"; };
/* End PBXFileReference section */

/* Begin PBXFrameworksBuildPhase section */
		20A23A43199924F700E4C577 /* Frameworks */ = {
			isa = PBXFrameworksBuildPhase;
			buildActionMask = 2147483647;
			files = (
				20A23A4C199924F700E4C577 /* CoreGraphics.framework in Frameworks */,
				20A23A4E199924F700E4C577 /* UIKit.framework in Frameworks */,
				20A23A4A199924F700E4C577 /* Foundation.framework in Frameworks */,
			);
			runOnlyForDeploymentPostprocessing = 0;
		};
		20A23A5E199924F700E4C577 /* Frameworks */ = {
			isa = PBXFrameworksBuildPhase;
			buildActionMask = 2147483647;
			files = (
				20A23A63199924F700E4C577 /* XCTest.framework in Frameworks */,
				20A23A65199924F700E4C577 /* UIKit.framework in Frameworks */,
				20A23A64199924F700E4C577 /* Foundation.framework in Frameworks */,
			);
			runOnlyForDeploymentPostprocessing = 0;
		};
/* End PBXFrameworksBuildPhase section */

/* Begin PBXGroup section */
		20225A6F19A1ABAF00E5A9CE /* Images */ = {
			isa = PBXGroup;
			children = (
				20225A6519A1ABAB00E5A9CE /* addEventButton.png */,
				20225A6619A1ABAB00E5A9CE /* currentEventFinishButton.png */,
				20225A6719A1ABAB00E5A9CE /* myRecordButton.png */,
				20225A6819A1ABAB00E5A9CE /* newEventCancelButton.png */,
				20225A6919A1ABAB00E5A9CE /* newEventDoneButton.png */,
			);
			name = Images;
			sourceTree = "<group>";
		};
		2093678D19A08ED400CCFBAC /* Event Type Selector Control */ = {
			isa = PBXGroup;
			children = (
				2093678E19A0909700CCFBAC /* SPTEventTypeSelectItem.h */,
				2093678F19A0909700CCFBAC /* SPTEventTypeSelectItem.m */,
				2093679E19A0ACC700CCFBAC /* SPTEventTypeSelectView.h */,
				2093679F19A0ACC700CCFBAC /* SPTEventTypeSelectView.m */,
			);
			name = "Event Type Selector Control";
			sourceTree = "<group>";
		};
		2093679A19A0A39700CCFBAC /* Event Type Images */ = {
			isa = PBXGroup;
			children = (
				20225A7019A1ABC400E5A9CE /* eventTypeNone.png */,
				20225A7119A1ABC400E5A9CE /* eventTypeNonePressed.png */,
				20225A7219A1ABC400E5A9CE /* eventTypeNoneSelected.png */,
			);
			name = "Event Type Images";
			sourceTree = "<group>";
		};
		209367A319A0C36200CCFBAC /* Controller */ = {
			isa = PBXGroup;
			children = (
				209367A119A0C35E00CCFBAC /* SimpleTime.storyboard */,
				209367A419A0C3CB00CCFBAC /* SPTMainViewController.h */,
				209367A519A0C3CB00CCFBAC /* SPTMainViewController.m */,
			);
			name = Controller;
			sourceTree = "<group>";
		};
		209367A719A0D84A00CCFBAC /* View */ = {
			isa = PBXGroup;
			children = (
				2093678D19A08ED400CCFBAC /* Event Type Selector Control */,
				20D3CBFC19A240290050FF7E /* SPTColor.h */,
				20D3CBFD19A240290050FF7E /* SPTColor.m */,
			);
			name = View;
			sourceTree = "<group>";
		};
		20A23A3D199924F700E4C577 = {
			isa = PBXGroup;
			children = (
				20825848199DE9B4005044A0 /* MZTimerLabel.h */,
				20825849199DE9B4005044A0 /* MZTimerLabel.m */,
				20225A6F19A1ABAF00E5A9CE /* Images */,
				2093679A19A0A39700CCFBAC /* Event Type Images */,
				20E3C2D6199928250060AF41 /* Model */,
				209367A719A0D84A00CCFBAC /* View */,
				209367A319A0C36200CCFBAC /* Controller */,
				20E3C2C6199926CF0060AF41 /* Controller for Data Testing */,
				20A23A4F199924F700E4C577 /* SimpleTime */,
				20A23A68199924F700E4C577 /* SimpleTimeTests */,
				20A23A48199924F700E4C577 /* Frameworks */,
				20A23A47199924F700E4C577 /* Products */,
			);
			sourceTree = "<group>";
		};
		20A23A47199924F700E4C577 /* Products */ = {
			isa = PBXGroup;
			children = (
				20A23A46199924F700E4C577 /* SimpleTime.app */,
				20A23A61199924F700E4C577 /* SimpleTimeTests.xctest */,
			);
			name = Products;
			sourceTree = "<group>";
		};
		20A23A48199924F700E4C577 /* Frameworks */ = {
			isa = PBXGroup;
			children = (
				20A23A49199924F700E4C577 /* Foundation.framework */,
				20A23A4B199924F700E4C577 /* CoreGraphics.framework */,
				20A23A4D199924F700E4C577 /* UIKit.framework */,
				20A23A62199924F700E4C577 /* XCTest.framework */,
			);
			name = Frameworks;
			sourceTree = "<group>";
		};
		20A23A4F199924F700E4C577 /* SimpleTime */ = {
			isa = PBXGroup;
			children = (
				20A23A58199924F700E4C577 /* SPTAppDelegate.h */,
				20A23A59199924F700E4C577 /* SPTAppDelegate.m */,
				20A23A5B199924F700E4C577 /* Images.xcassets */,
				20A23A50199924F700E4C577 /* Supporting Files */,
			);
			path = SimpleTime;
			sourceTree = "<group>";
		};
		20A23A50199924F700E4C577 /* Supporting Files */ = {
			isa = PBXGroup;
			children = (
				20A23A51199924F700E4C577 /* SimpleTime-Info.plist */,
				20A23A52199924F700E4C577 /* InfoPlist.strings */,
				20A23A55199924F700E4C577 /* main.m */,
				20A23A57199924F700E4C577 /* SimpleTime-Prefix.pch */,
			);
			name = "Supporting Files";
			sourceTree = "<group>";
		};
		20A23A68199924F700E4C577 /* SimpleTimeTests */ = {
			isa = PBXGroup;
			children = (
				20A23A6E199924F700E4C577 /* SimpleTimeTests.m */,
				20A23A69199924F700E4C577 /* Supporting Files */,
			);
			path = SimpleTimeTests;
			sourceTree = "<group>";
		};
		20A23A69199924F700E4C577 /* Supporting Files */ = {
			isa = PBXGroup;
			children = (
				20A23A6A199924F700E4C577 /* SimpleTimeTests-Info.plist */,
				20A23A6B199924F700E4C577 /* InfoPlist.strings */,
			);
			name = "Supporting Files";
			sourceTree = "<group>";
		};
		20E3C2C6199926CF0060AF41 /* Controller for Data Testing */ = {
			isa = PBXGroup;
			children = (
				20557D32199B9432002633CC /* DataTesting.storyboard */,
				20557D29199B93D8002633CC /* TESTMainViewController.h */,
				20557D2A199B93D8002633CC /* TESTMainViewController.m */,
				20557D2F199B940B002633CC /* TESTNewEventViewController.h */,
				20557D30199B940B002633CC /* TESTNewEventViewController.m */,
				20557D2C199B93F0002633CC /* TESTAllEventsTableViewController.h */,
				20557D2D199B93F1002633CC /* TESTAllEventsTableViewController.m */,
				20C8045D199BDA4F005DCCCB /* TESTQueryDateViewController.h */,
				20C8045E199BDA4F005DCCCB /* TESTQueryDateViewController.m */,
				20C80460199BDA6D005DCCCB /* TESTEventsInDayTableViewController.h */,
				20C80461199BDA6D005DCCCB /* TESTEventsInDayTableViewController.m */,
			);
			name = "Controller for Data Testing";
			sourceTree = "<group>";
		};
		20E3C2D6199928250060AF41 /* Model */ = {
			isa = PBXGroup;
			children = (
				206FA67E199A59E1003E25B3 /* SimpleTime.xcdatamodeld */,
				20C80469199BE9A9005DCCCB /* SPTEvent.h */,
				20C8046A199BE9A9005DCCCB /* SPTEvent.m */,
				206FA684199A8096003E25B3 /* SPTEventStore.h */,
				206FA685199A8096003E25B3 /* SPTEventStore.m */,
			);
			name = Model;
			sourceTree = "<group>";
		};
/* End PBXGroup section */

/* Begin PBXNativeTarget section */
		20A23A45199924F700E4C577 /* SimpleTime */ = {
			isa = PBXNativeTarget;
			buildConfigurationList = 20A23A72199924F700E4C577 /* Build configuration list for PBXNativeTarget "SimpleTime" */;
			buildPhases = (
				20A23A42199924F700E4C577 /* Sources */,
				20A23A43199924F700E4C577 /* Frameworks */,
				20A23A44199924F700E4C577 /* Resources */,
			);
			buildRules = (
			);
			dependencies = (
			);
			name = SimpleTime;
			productName = SimpleTime;
			productReference = 20A23A46199924F700E4C577 /* SimpleTime.app */;
			productType = "com.apple.product-type.application";
		};
		20A23A60199924F700E4C577 /* SimpleTimeTests */ = {
			isa = PBXNativeTarget;
			buildConfigurationList = 20A23A75199924F700E4C577 /* Build configuration list for PBXNativeTarget "SimpleTimeTests" */;
			buildPhases = (
				20A23A5D199924F700E4C577 /* Sources */,
				20A23A5E199924F700E4C577 /* Frameworks */,
				20A23A5F199924F700E4C577 /* Resources */,
			);
			buildRules = (
			);
			dependencies = (
				20A23A67199924F700E4C577 /* PBXTargetDependency */,
			);
			name = SimpleTimeTests;
			productName = SimpleTimeTests;
			productReference = 20A23A61199924F700E4C577 /* SimpleTimeTests.xctest */;
			productType = "com.apple.product-type.bundle.unit-test";
		};
/* End PBXNativeTarget section */

/* Begin PBXProject section */
		20A23A3E199924F700E4C577 /* Project object */ = {
			isa = PBXProject;
			attributes = {
				CLASSPREFIX = SPT;
				LastUpgradeCheck = 0510;
				ORGANIZATIONNAME = LumiNg;
				TargetAttributes = {
					20A23A60199924F700E4C577 = {
						TestTargetID = 20A23A45199924F700E4C577;
					};
				};
			};
			buildConfigurationList = 20A23A41199924F700E4C577 /* Build configuration list for PBXProject "SimpleTime" */;
			compatibilityVersion = "Xcode 3.2";
			developmentRegion = English;
			hasScannedForEncodings = 0;
			knownRegions = (
				en,
			);
			mainGroup = 20A23A3D199924F700E4C577;
			productRefGroup = 20A23A47199924F700E4C577 /* Products */;
			projectDirPath = "";
			projectRoot = "";
			targets = (
				20A23A45199924F700E4C577 /* SimpleTime */,
				20A23A60199924F700E4C577 /* SimpleTimeTests */,
			);
		};
/* End PBXProject section */

/* Begin PBXResourcesBuildPhase section */
		20A23A44199924F700E4C577 /* Resources */ = {
			isa = PBXResourcesBuildPhase;
			buildActionMask = 2147483647;
			files = (
				20225A6B19A1ABAB00E5A9CE /* currentEventFinishButton.png in Resources */,
				209367A219A0C35E00CCFBAC /* SimpleTime.storyboard in Resources */,
				20225A6C19A1ABAB00E5A9CE /* myRecordButton.png in Resources */,
				20A23A54199924F700E4C577 /* InfoPlist.strings in Resources */,
				20225A6A19A1ABAB00E5A9CE /* addEventButton.png in Resources */,
				20225A6D19A1ABAB00E5A9CE /* newEventCancelButton.png in Resources */,
				20557D33199B9432002633CC /* DataTesting.storyboard in Resources */,
				20225A7419A1ABC400E5A9CE /* eventTypeNonePressed.png in Resources */,
				20A23A5C199924F700E4C577 /* Images.xcassets in Resources */,
				20225A7519A1ABC400E5A9CE /* eventTypeNoneSelected.png in Resources */,
				20225A7319A1ABC400E5A9CE /* eventTypeNone.png in Resources */,
				20225A6E19A1ABAB00E5A9CE /* newEventDoneButton.png in Resources */,
			);
			runOnlyForDeploymentPostprocessing = 0;
		};
		20A23A5F199924F700E4C577 /* Resources */ = {
			isa = PBXResourcesBuildPhase;
			buildActionMask = 2147483647;
			files = (
				20A23A6D199924F700E4C577 /* InfoPlist.strings in Resources */,
			);
			runOnlyForDeploymentPostprocessing = 0;
		};
/* End PBXResourcesBuildPhase section */

/* Begin PBXSourcesBuildPhase section */
		20A23A42199924F700E4C577 /* Sources */ = {
			isa = PBXSourcesBuildPhase;
			buildActionMask = 2147483647;
			files = (
				206FA686199A8096003E25B3 /* SPTEventStore.m in Sources */,
				209367A019A0ACC700CCFBAC /* SPTEventTypeSelectView.m in Sources */,
				206FA680199A59E1003E25B3 /* SimpleTime.xcdatamodeld in Sources */,
				20557D31199B940B002633CC /* TESTNewEventViewController.m in Sources */,
				20557D2E199B93F1002633CC /* TESTAllEventsTableViewController.m in Sources */,
				2082584A199DE9B4005044A0 /* MZTimerLabel.m in Sources */,
				20C8045F199BDA4F005DCCCB /* TESTQueryDateViewController.m in Sources */,
				20A23A5A199924F700E4C577 /* SPTAppDelegate.m in Sources */,
				20D3CBFE19A240290050FF7E /* SPTColor.m in Sources */,
				20C80462199BDA6D005DCCCB /* TESTEventsInDayTableViewController.m in Sources */,
				209367A619A0C3CB00CCFBAC /* SPTMainViewController.m in Sources */,
				20557D2B199B93D8002633CC /* TESTMainViewController.m in Sources */,
				2093679019A0909700CCFBAC /* SPTEventTypeSelectItem.m in Sources */,
				20C8046B199BE9A9005DCCCB /* SPTEvent.m in Sources */,
				20A23A56199924F700E4C577 /* main.m in Sources */,
			);
			runOnlyForDeploymentPostprocessing = 0;
		};
		20A23A5D199924F700E4C577 /* Sources */ = {
			isa = PBXSourcesBuildPhase;
			buildActionMask = 2147483647;
			files = (
				20A23A6F199924F700E4C577 /* SimpleTimeTests.m in Sources */,
			);
			runOnlyForDeploymentPostprocessing = 0;
		};
/* End PBXSourcesBuildPhase section */

/* Begin PBXTargetDependency section */
		20A23A67199924F700E4C577 /* PBXTargetDependency */ = {
			isa = PBXTargetDependency;
			target = 20A23A45199924F700E4C577 /* SimpleTime */;
			targetProxy = 20A23A66199924F700E4C577 /* PBXContainerItemProxy */;
		};
/* End PBXTargetDependency section */

/* Begin PBXVariantGroup section */
		20A23A52199924F700E4C577 /* InfoPlist.strings */ = {
			isa = PBXVariantGroup;
			children = (
				20A23A53199924F700E4C577 /* en */,
			);
			name = InfoPlist.strings;
			sourceTree = "<group>";
		};
		20A23A6B199924F700E4C577 /* InfoPlist.strings */ = {
			isa = PBXVariantGroup;
			children = (
				20A23A6C199924F700E4C577 /* en */,
			);
			name = InfoPlist.strings;
			sourceTree = "<group>";
		};
/* End PBXVariantGroup section */

/* Begin XCBuildConfiguration section */
		20A23A70199924F700E4C577 /* Debug */ = {
			isa = XCBuildConfiguration;
			buildSettings = {
				ALWAYS_SEARCH_USER_PATHS = NO;
				CLANG_CXX_LANGUAGE_STANDARD = "gnu++0x";
				CLANG_CXX_LIBRARY = "libc++";
				CLANG_ENABLE_MODULES = YES;
				CLANG_ENABLE_OBJC_ARC = YES;
				CLANG_WARN_BOOL_CONVERSION = YES;
				CLANG_WARN_CONSTANT_CONVERSION = YES;
				CLANG_WARN_DIRECT_OBJC_ISA_USAGE = YES_ERROR;
				CLANG_WARN_EMPTY_BODY = YES;
				CLANG_WARN_ENUM_CONVERSION = YES;
				CLANG_WARN_INT_CONVERSION = YES;
				CLANG_WARN_OBJC_ROOT_CLASS = YES_ERROR;
				CLANG_WARN__DUPLICATE_METHOD_MATCH = YES;
				"CODE_SIGN_IDENTITY[sdk=iphoneos*]" = "iPhone Developer";
				COPY_PHASE_STRIP = NO;
				GCC_C_LANGUAGE_STANDARD = gnu99;
				GCC_DYNAMIC_NO_PIC = NO;
				GCC_OPTIMIZATION_LEVEL = 0;
				GCC_PREPROCESSOR_DEFINITIONS = (
					"DEBUG=1",
					"$(inherited)",
				);
				GCC_SYMBOLS_PRIVATE_EXTERN = NO;
				GCC_WARN_64_TO_32_BIT_CONVERSION = YES;
				GCC_WARN_ABOUT_RETURN_TYPE = YES_ERROR;
				GCC_WARN_UNDECLARED_SELECTOR = YES;
				GCC_WARN_UNINITIALIZED_AUTOS = YES_AGGRESSIVE;
				GCC_WARN_UNUSED_FUNCTION = YES;
				GCC_WARN_UNUSED_VARIABLE = YES;
				IPHONEOS_DEPLOYMENT_TARGET = 7.1;
				ONLY_ACTIVE_ARCH = YES;
				SDKROOT = iphoneos;
			};
			name = Debug;
		};
		20A23A71199924F700E4C577 /* Release */ = {
			isa = XCBuildConfiguration;
			buildSettings = {
				ALWAYS_SEARCH_USER_PATHS = NO;
				CLANG_CXX_LANGUAGE_STANDARD = "gnu++0x";
				CLANG_CXX_LIBRARY = "libc++";
				CLANG_ENABLE_MODULES = YES;
				CLANG_ENABLE_OBJC_ARC = YES;
				CLANG_WARN_BOOL_CONVERSION = YES;
				CLANG_WARN_CONSTANT_CONVERSION = YES;
				CLANG_WARN_DIRECT_OBJC_ISA_USAGE = YES_ERROR;
				CLANG_WARN_EMPTY_BODY = YES;
				CLANG_WARN_ENUM_CONVERSION = YES;
				CLANG_WARN_INT_CONVERSION = YES;
				CLANG_WARN_OBJC_ROOT_CLASS = YES_ERROR;
				CLANG_WARN__DUPLICATE_METHOD_MATCH = YES;
				"CODE_SIGN_IDENTITY[sdk=iphoneos*]" = "iPhone Developer";
				COPY_PHASE_STRIP = YES;
				ENABLE_NS_ASSERTIONS = NO;
				GCC_C_LANGUAGE_STANDARD = gnu99;
				GCC_WARN_64_TO_32_BIT_CONVERSION = YES;
				GCC_WARN_ABOUT_RETURN_TYPE = YES_ERROR;
				GCC_WARN_UNDECLARED_SELECTOR = YES;
				GCC_WARN_UNINITIALIZED_AUTOS = YES_AGGRESSIVE;
				GCC_WARN_UNUSED_FUNCTION = YES;
				GCC_WARN_UNUSED_VARIABLE = YES;
				IPHONEOS_DEPLOYMENT_TARGET = 7.1;
				SDKROOT = iphoneos;
				VALIDATE_PRODUCT = YES;
			};
			name = Release;
		};
		20A23A73199924F700E4C577 /* Debug */ = {
			isa = XCBuildConfiguration;
			buildSettings = {
				ASSETCATALOG_COMPILER_APPICON_NAME = AppIcon;
				ASSETCATALOG_COMPILER_LAUNCHIMAGE_NAME = LaunchImage;
				GCC_PRECOMPILE_PREFIX_HEADER = YES;
				GCC_PREFIX_HEADER = "SimpleTime/SimpleTime-Prefix.pch";
				INFOPLIST_FILE = "SimpleTime/SimpleTime-Info.plist";
				IPHONEOS_DEPLOYMENT_TARGET = 8.0;
				PRODUCT_NAME = "$(TARGET_NAME)";
				TARGETED_DEVICE_FAMILY = 1;
				WRAPPER_EXTENSION = app;
			};
			name = Debug;
		};
		20A23A74199924F700E4C577 /* Release */ = {
			isa = XCBuildConfiguration;
			buildSettings = {
				ASSETCATALOG_COMPILER_APPICON_NAME = AppIcon;
				ASSETCATALOG_COMPILER_LAUNCHIMAGE_NAME = LaunchImage;
				GCC_PRECOMPILE_PREFIX_HEADER = YES;
				GCC_PREFIX_HEADER = "SimpleTime/SimpleTime-Prefix.pch";
				INFOPLIST_FILE = "SimpleTime/SimpleTime-Info.plist";
				IPHONEOS_DEPLOYMENT_TARGET = 8.0;
				PRODUCT_NAME = "$(TARGET_NAME)";
				TARGETED_DEVICE_FAMILY = 1;
				WRAPPER_EXTENSION = app;
			};
			name = Release;
		};
		20A23A76199924F700E4C577 /* Debug */ = {
			isa = XCBuildConfiguration;
			buildSettings = {
				BUNDLE_LOADER = "$(BUILT_PRODUCTS_DIR)/SimpleTime.app/SimpleTime";
				FRAMEWORK_SEARCH_PATHS = (
					"$(SDKROOT)/Developer/Library/Frameworks",
					"$(inherited)",
					"$(DEVELOPER_FRAMEWORKS_DIR)",
				);
				GCC_PRECOMPILE_PREFIX_HEADER = YES;
				GCC_PREFIX_HEADER = "SimpleTime/SimpleTime-Prefix.pch";
				GCC_PREPROCESSOR_DEFINITIONS = (
					"DEBUG=1",
					"$(inherited)",
				);
				INFOPLIST_FILE = "SimpleTimeTests/SimpleTimeTests-Info.plist";
				PRODUCT_NAME = "$(TARGET_NAME)";
				TEST_HOST = "$(BUNDLE_LOADER)";
				WRAPPER_EXTENSION = xctest;
			};
			name = Debug;
		};
		20A23A77199924F700E4C577 /* Release */ = {
			isa = XCBuildConfiguration;
			buildSettings = {
				BUNDLE_LOADER = "$(BUILT_PRODUCTS_DIR)/SimpleTime.app/SimpleTime";
				FRAMEWORK_SEARCH_PATHS = (
					"$(SDKROOT)/Developer/Library/Frameworks",
					"$(inherited)",
					"$(DEVELOPER_FRAMEWORKS_DIR)",
				);
				GCC_PRECOMPILE_PREFIX_HEADER = YES;
				GCC_PREFIX_HEADER = "SimpleTime/SimpleTime-Prefix.pch";
				INFOPLIST_FILE = "SimpleTimeTests/SimpleTimeTests-Info.plist";
				PRODUCT_NAME = "$(TARGET_NAME)";
				TEST_HOST = "$(BUNDLE_LOADER)";
				WRAPPER_EXTENSION = xctest;
			};
			name = Release;
		};
/* End XCBuildConfiguration section */

/* Begin XCConfigurationList section */
		20A23A41199924F700E4C577 /* Build configuration list for PBXProject "SimpleTime" */ = {
			isa = XCConfigurationList;
			buildConfigurations = (
				20A23A70199924F700E4C577 /* Debug */,
				20A23A71199924F700E4C577 /* Release */,
			);
			defaultConfigurationIsVisible = 0;
			defaultConfigurationName = Release;
		};
		20A23A72199924F700E4C577 /* Build configuration list for PBXNativeTarget "SimpleTime" */ = {
			isa = XCConfigurationList;
			buildConfigurations = (
				20A23A73199924F700E4C577 /* Debug */,
				20A23A74199924F700E4C577 /* Release */,
			);
			defaultConfigurationIsVisible = 0;
			defaultConfigurationName = Release;
		};
		20A23A75199924F700E4C577 /* Build configuration list for PBXNativeTarget "SimpleTimeTests" */ = {
			isa = XCConfigurationList;
			buildConfigurations = (
				20A23A76199924F700E4C577 /* Debug */,
				20A23A77199924F700E4C577 /* Release */,
			);
			defaultConfigurationIsVisible = 0;
			defaultConfigurationName = Release;
		};
/* End XCConfigurationList section */

/* Begin XCVersionGroup section */
		206FA67E199A59E1003E25B3 /* SimpleTime.xcdatamodeld */ = {
			isa = XCVersionGroup;
			children = (
				206FA67F199A59E1003E25B3 /* SimpleTime.xcdatamodel */,
			);
			currentVersion = 206FA67F199A59E1003E25B3 /* SimpleTime.xcdatamodel */;
			name = SimpleTime.xcdatamodeld;
			path = SimpleTime/SimpleTime.xcdatamodeld;
			sourceTree = "<group>";
			versionGroupType = wrapper.xcdatamodel;
		};
/* End XCVersionGroup section */
	};
	rootObject = 20A23A3E199924F700E4C577 /* Project object */;
}
